
Microsoft Visual Studio Solution File, Format Version 12.00
# Visual Studio Version 17
VisualStudioVersion = 17.5.002.0
MinimumVisualStudioVersion = 10.0.40219.1
Project("{9A19103F-16F7-4668-BE54-9A1E7A4F7556}") = "tools", "tools\tools.csproj", "{386DB572-3037-4872-A30D-2D1AD50C0169}"
EndProject
Global
	GlobalSection(SolutionConfigurationPlatforms) = preSolution
		Debug|Any CPU = Debug|Any CPU
		Release|Any CPU = Release|Any CPU
	EndGlobalSection
	GlobalSection(ProjectConfigurationPlatforms) = postSolution
		{386DB572-3037-4872-A30D-2D1AD50C0169}.Debug|Any CPU.ActiveCfg = Debug|Any CPU
		{386DB572-3037-4872-A30D-2D1AD50C0169}.Debug|Any CPU.Build.0 = Debug|Any CPU
		{386DB572-3037-4872-A30D-2D1AD50C0169}.Release|Any CPU.ActiveCfg = Release|Any CPU
		{386DB572-3037-4872-A30D-2D1AD50C0169}.Release|Any CPU.Build.0 = Release|Any CPU
	EndGlobalSection
	GlobalSection(SolutionProperties) = preSolution
		HideSolutionNode = FALSE
	EndGlobalSection
	GlobalSection(ExtensibilityGlobals) = postSolution
		SolutionGuid = {5C55FB5E-F8F2-4C8B-9851-3D758FAB4C47}
	EndGlobalSection
EndGlobal
